
Microsoft Visual Studio Solution File, Format Version 12.00
# Visual Studio Version 17
VisualStudioVersion = 17.0.31912.275
MinimumVisualStudioVersion = 10.0.40219.1
Project("{FAE04EC0-301F-11D3-BF4B-00C04F79EFBC}") = "PizzaProject", "PizzaProject.csproj", "{76D9F804-001A-473B-BCB2-CBF1B93AE7EB}"
EndProject
Project("{54435603-DBB4-11D2-8724-00A0C9A8B90C}") = "SetupPizzaProject", "..\SetupPizzaProject\SetupPizzaProject.vdproj", "{A167655D-1AB0-4557-AA50-CCF91456A310}"
EndProject
Global
	GlobalSection(SolutionConfigurationPlatforms) = preSolution
		Debug|Any CPU = Debug|Any CPU
		Release|Any CPU = Release|Any CPU
	EndGlobalSection
	GlobalSection(ProjectConfigurationPlatforms) = postSolution
		{76D9F804-001A-473B-BCB2-CBF1B93AE7EB}.Debug|Any CPU.ActiveCfg = Release|Any CPU
		{76D9F804-001A-473B-BCB2-CBF1B93AE7EB}.Debug|Any CPU.Build.0 = Release|Any CPU
		{76D9F804-001A-473B-BCB2-CBF1B93AE7EB}.Release|Any CPU.ActiveCfg = Release|Any CPU
		{76D9F804-001A-473B-BCB2-CBF1B93AE7EB}.Release|Any CPU.Build.0 = Release|Any CPU
		{A167655D-1AB0-4557-AA50-CCF91456A310}.Debug|Any CPU.ActiveCfg = Debug
		{A167655D-1AB0-4557-AA50-CCF91456A310}.Release|Any CPU.ActiveCfg = Release
		{A167655D-1AB0-4557-AA50-CCF91456A310}.Release|Any CPU.Build.0 = Release
	EndGlobalSection
	GlobalSection(SolutionProperties) = preSolution
		HideSolutionNode = FALSE
	EndGlobalSection
	GlobalSection(ExtensibilityGlobals) = postSolution
		SolutionGuid = {1BE03225-F40E-4D4E-8B30-1EA3959D1AD7}
	EndGlobalSection
EndGlobal
